
Microsoft Visual Studio Solution File, Format Version 12.00
# Visual Studio Version 16
VisualStudioVersion = 16.0.31005.135
MinimumVisualStudioVersion = 10.0.40219.1
Project("{FAE04EC0-301F-11D3-BF4B-00C04F79EFBC}") = "ControleEstoque", "ControleEstoque.csproj", "{363978C5-D190-4126-8B8B-C5A32E997DC8}"
EndProject
Global
	GlobalSection(SolutionConfigurationPlatforms) = preSolution
		Debug|Any CPU = Debug|Any CPU
		Release|Any CPU = Release|Any CPU
	EndGlobalSection
	GlobalSection(ProjectConfigurationPlatforms) = postSolution
		{363978C5-D190-4126-8B8B-C5A32E997DC8}.Debug|Any CPU.ActiveCfg = Debug|Any CPU
		{363978C5-D190-4126-8B8B-C5A32E997DC8}.Debug|Any CPU.Build.0 = Debug|Any CPU
		{363978C5-D190-4126-8B8B-C5A32E997DC8}.Release|Any CPU.ActiveCfg = Release|Any CPU
		{363978C5-D190-4126-8B8B-C5A32E997DC8}.Release|Any CPU.Build.0 = Release|Any CPU
	EndGlobalSection
	GlobalSection(SolutionProperties) = preSolution
		HideSolutionNode = FALSE
	EndGlobalSection
	GlobalSection(ExtensibilityGlobals) = postSolution
		SolutionGuid = {B32D6310-7BA6-431B-A5D5-7250243C9D4B}
	EndGlobalSection
EndGlobal
